
Microsoft Visual Studio Solution File, Format Version 12.00
# Visual Studio Version 17
VisualStudioVersion = 17.9.34622.214
MinimumVisualStudioVersion = 10.0.40219.1
Project("{FAE04EC0-301F-11D3-BF4B-00C04F79EFBC}") = "DemoGithub", "DemoGithub\DemoGithub.csproj", "{0AEA8704-B085-4CCD-8500-CDFFAC368A8B}"
EndProject
Global
	GlobalSection(SolutionConfigurationPlatforms) = preSolution
		Debug|Any CPU = Debug|Any CPU
		Release|Any CPU = Release|Any CPU
	EndGlobalSection
	GlobalSection(ProjectConfigurationPlatforms) = postSolution
		{0AEA8704-B085-4CCD-8500-CDFFAC368A8B}.Debug|Any CPU.ActiveCfg = Debug|Any CPU
		{0AEA8704-B085-4CCD-8500-CDFFAC368A8B}.Debug|Any CPU.Build.0 = Debug|Any CPU
		{0AEA8704-B085-4CCD-8500-CDFFAC368A8B}.Release|Any CPU.ActiveCfg = Release|Any CPU
		{0AEA8704-B085-4CCD-8500-CDFFAC368A8B}.Release|Any CPU.Build.0 = Release|Any CPU
	EndGlobalSection
	GlobalSection(SolutionProperties) = preSolution
		HideSolutionNode = FALSE
	EndGlobalSection
	GlobalSection(ExtensibilityGlobals) = postSolution
		SolutionGuid = {E59DD7E5-06DC-4BA2-9FF9-2B9F2576B839}
	EndGlobalSection
EndGlobal
